
Microsoft Visual Studio Solution File, Format Version 12.00
# Visual Studio Version 16
VisualStudioVersion = 16.0.29102.190
MinimumVisualStudioVersion = 10.0.40219.1
Project("{FAE04EC0-301F-11D3-BF4B-00C04F79EFBC}") = "AssistantApi_Project", "AssistantApi_Project\AssistantApi_Project.csproj", "{4C87ED06-FC42-4F95-A4D6-EDF6FFF23089}"
EndProject
Global
	GlobalSection(SolutionConfigurationPlatforms) = preSolution
		Debug|Any CPU = Debug|Any CPU
		Release|Any CPU = Release|Any CPU
	EndGlobalSection
	GlobalSection(ProjectConfigurationPlatforms) = postSolution
		{4C87ED06-FC42-4F95-A4D6-EDF6FFF23089}.Debug|Any CPU.ActiveCfg = Debug|Any CPU
		{4C87ED06-FC42-4F95-A4D6-EDF6FFF23089}.Debug|Any CPU.Build.0 = Debug|Any CPU
		{4C87ED06-FC42-4F95-A4D6-EDF6FFF23089}.Release|Any CPU.ActiveCfg = Release|Any CPU
		{4C87ED06-FC42-4F95-A4D6-EDF6FFF23089}.Release|Any CPU.Build.0 = Release|Any CPU
	EndGlobalSection
	GlobalSection(SolutionProperties) = preSolution
		HideSolutionNode = FALSE
	EndGlobalSection
	GlobalSection(ExtensibilityGlobals) = postSolution
		SolutionGuid = {E001EA69-A358-4103-AB46-1F5FC32C53C2}
	EndGlobalSection
EndGlobal
